
Microsoft Visual Studio Solution File, Format Version 12.00
# Visual Studio Version 17
Project("{8BC9CEB8-8B4A-11D0-8D11-00A0C91BC942}") = "ALL_BUILD", "ALL_BUILD.vcxproj", "{DE6C7443-45A9-3FE2-B31C-B3534FC6CD4B}"
	ProjectSection(ProjectDependencies) = postProject
		{A75AE019-6663-30D9-8D53-7E6A374446F4} = {A75AE019-6663-30D9-8D53-7E6A374446F4}
		{5F5AA106-849E-30CC-8378-958B72DEF36D} = {5F5AA106-849E-30CC-8378-958B72DEF36D}
	EndProjectSection
EndProject
Project("{8BC9CEB8-8B4A-11D0-8D11-00A0C91BC942}") = "ResolveSomeErrors", "ResolveSomeErrors\ResolveSomeErrors.vcxproj", "{A75AE019-6663-30D9-8D53-7E6A374446F4}"
	ProjectSection(ProjectDependencies) = postProject
		{5F5AA106-849E-30CC-8378-958B72DEF36D} = {5F5AA106-849E-30CC-8378-958B72DEF36D}
	EndProjectSection
EndProject
Project("{8BC9CEB8-8B4A-11D0-8D11-00A0C91BC942}") = "ZERO_CHECK", "ZERO_CHECK.vcxproj", "{5F5AA106-849E-30CC-8378-958B72DEF36D}"
	ProjectSection(ProjectDependencies) = postProject
	EndProjectSection
EndProject
Global
	GlobalSection(SolutionConfigurationPlatforms) = preSolution
		Debug|x64 = Debug|x64
		Release|x64 = Release|x64
		MinSizeRel|x64 = MinSizeRel|x64
		RelWithDebInfo|x64 = RelWithDebInfo|x64
	EndGlobalSection
	GlobalSection(ProjectConfigurationPlatforms) = postSolution
		{DE6C7443-45A9-3FE2-B31C-B3534FC6CD4B}.Debug|x64.ActiveCfg = Debug|x64
		{DE6C7443-45A9-3FE2-B31C-B3534FC6CD4B}.Release|x64.ActiveCfg = Release|x64
		{DE6C7443-45A9-3FE2-B31C-B3534FC6CD4B}.MinSizeRel|x64.ActiveCfg = MinSizeRel|x64
		{DE6C7443-45A9-3FE2-B31C-B3534FC6CD4B}.RelWithDebInfo|x64.ActiveCfg = RelWithDebInfo|x64
		{A75AE019-6663-30D9-8D53-7E6A374446F4}.Debug|x64.ActiveCfg = Debug|x64
		{A75AE019-6663-30D9-8D53-7E6A374446F4}.Debug|x64.Build.0 = Debug|x64
		{A75AE019-6663-30D9-8D53-7E6A374446F4}.Release|x64.ActiveCfg = Release|x64
		{A75AE019-6663-30D9-8D53-7E6A374446F4}.Release|x64.Build.0 = Release|x64
		{A75AE019-6663-30D9-8D53-7E6A374446F4}.MinSizeRel|x64.ActiveCfg = MinSizeRel|x64
		{A75AE019-6663-30D9-8D53-7E6A374446F4}.MinSizeRel|x64.Build.0 = MinSizeRel|x64
		{A75AE019-6663-30D9-8D53-7E6A374446F4}.RelWithDebInfo|x64.ActiveCfg = RelWithDebInfo|x64
		{A75AE019-6663-30D9-8D53-7E6A374446F4}.RelWithDebInfo|x64.Build.0 = RelWithDebInfo|x64
		{5F5AA106-849E-30CC-8378-958B72DEF36D}.Debug|x64.ActiveCfg = Debug|x64
		{5F5AA106-849E-30CC-8378-958B72DEF36D}.Debug|x64.Build.0 = Debug|x64
		{5F5AA106-849E-30CC-8378-958B72DEF36D}.Release|x64.ActiveCfg = Release|x64
		{5F5AA106-849E-30CC-8378-958B72DEF36D}.Release|x64.Build.0 = Release|x64
		{5F5AA106-849E-30CC-8378-958B72DEF36D}.MinSizeRel|x64.ActiveCfg = MinSizeRel|x64
		{5F5AA106-849E-30CC-8378-958B72DEF36D}.MinSizeRel|x64.Build.0 = MinSizeRel|x64
		{5F5AA106-849E-30CC-8378-958B72DEF36D}.RelWithDebInfo|x64.ActiveCfg = RelWithDebInfo|x64
		{5F5AA106-849E-30CC-8378-958B72DEF36D}.RelWithDebInfo|x64.Build.0 = RelWithDebInfo|x64
	EndGlobalSection
	GlobalSection(ExtensibilityGlobals) = postSolution
		SolutionGuid = {C6CC2C3C-D3C1-3661-961D-0EDF81591EBA}
	EndGlobalSection
	GlobalSection(ExtensibilityAddIns) = postSolution
	EndGlobalSection
EndGlobal
