<?xml version="1.0" encoding="utf-8"?>
<Project ToolsVersion="17.0" xmlns="http://schemas.microsoft.com/developer/msbuild/2003">
  <ItemGroup>
    <CustomBuild Include="Q:\source\AppModBenchMark\ResolveSomeErrors\build-v140-cpp14\CMakeFiles\d1f7d1695572b5cc05e64899e85eba5b\generate.stamp.rule">
      <Filter>CMake Rules</Filter>
    </CustomBuild>
  </ItemGroup>
  <ItemGroup>
    <Filter Include="CMake Rules">
      <UniqueIdentifier>{08FDE569-02C3-3C27-830A-FE3B6582BE5C}</UniqueIdentifier>
    </Filter>
  </ItemGroup>
</Project>
