
Microsoft Visual Studio Solution File, Format Version 12.00
# Visual Studio Version 17
Project("{8BC9CEB8-8B4A-11D0-8D11-00A0C91BC942}") = "ALL_BUILD", "ALL_BUILD.vcxproj", "{4D711603-BB54-363D-AADD-8134A4554536}"
	ProjectSection(ProjectDependencies) = postProject
		{025BF4C9-02BF-38CD-8D46-80191E4753EE} = {025BF4C9-02BF-38CD-8D46-80191E4753EE}
		{99974BB7-7411-3271-80FE-7FEF800069FA} = {99974BB7-7411-3271-80FE-7FEF800069FA}
	EndProjectSection
EndProject
Project("{8BC9CEB8-8B4A-11D0-8D11-00A0C91BC942}") = "ResolveSomeErrors", "ResolveSomeErrors\ResolveSomeErrors.vcxproj", "{025BF4C9-02BF-38CD-8D46-80191E4753EE}"
	ProjectSection(ProjectDependencies) = postProject
		{99974BB7-7411-3271-80FE-7FEF800069FA} = {99974BB7-7411-3271-80FE-7FEF800069FA}
	EndProjectSection
EndProject
Project("{8BC9CEB8-8B4A-11D0-8D11-00A0C91BC942}") = "ZERO_CHECK", "ZERO_CHECK.vcxproj", "{99974BB7-7411-3271-80FE-7FEF800069FA}"
	ProjectSection(ProjectDependencies) = postProject
	EndProjectSection
EndProject
Global
	GlobalSection(SolutionConfigurationPlatforms) = preSolution
		Debug|x64 = Debug|x64
		Release|x64 = Release|x64
		MinSizeRel|x64 = MinSizeRel|x64
		RelWithDebInfo|x64 = RelWithDebInfo|x64
	EndGlobalSection
	GlobalSection(ProjectConfigurationPlatforms) = postSolution
		{4D711603-BB54-363D-AADD-8134A4554536}.Debug|x64.ActiveCfg = Debug|x64
		{4D711603-BB54-363D-AADD-8134A4554536}.Release|x64.ActiveCfg = Release|x64
		{4D711603-BB54-363D-AADD-8134A4554536}.MinSizeRel|x64.ActiveCfg = MinSizeRel|x64
		{4D711603-BB54-363D-AADD-8134A4554536}.RelWithDebInfo|x64.ActiveCfg = RelWithDebInfo|x64
		{025BF4C9-02BF-38CD-8D46-80191E4753EE}.Debug|x64.ActiveCfg = Debug|x64
		{025BF4C9-02BF-38CD-8D46-80191E4753EE}.Debug|x64.Build.0 = Debug|x64
		{025BF4C9-02BF-38CD-8D46-80191E4753EE}.Release|x64.ActiveCfg = Release|x64
		{025BF4C9-02BF-38CD-8D46-80191E4753EE}.Release|x64.Build.0 = Release|x64
		{025BF4C9-02BF-38CD-8D46-80191E4753EE}.MinSizeRel|x64.ActiveCfg = MinSizeRel|x64
		{025BF4C9-02BF-38CD-8D46-80191E4753EE}.MinSizeRel|x64.Build.0 = MinSizeRel|x64
		{025BF4C9-02BF-38CD-8D46-80191E4753EE}.RelWithDebInfo|x64.ActiveCfg = RelWithDebInfo|x64
		{025BF4C9-02BF-38CD-8D46-80191E4753EE}.RelWithDebInfo|x64.Build.0 = RelWithDebInfo|x64
		{99974BB7-7411-3271-80FE-7FEF800069FA}.Debug|x64.ActiveCfg = Debug|x64
		{99974BB7-7411-3271-80FE-7FEF800069FA}.Debug|x64.Build.0 = Debug|x64
		{99974BB7-7411-3271-80FE-7FEF800069FA}.Release|x64.ActiveCfg = Release|x64
		{99974BB7-7411-3271-80FE-7FEF800069FA}.Release|x64.Build.0 = Release|x64
		{99974BB7-7411-3271-80FE-7FEF800069FA}.MinSizeRel|x64.ActiveCfg = MinSizeRel|x64
		{99974BB7-7411-3271-80FE-7FEF800069FA}.MinSizeRel|x64.Build.0 = MinSizeRel|x64
		{99974BB7-7411-3271-80FE-7FEF800069FA}.RelWithDebInfo|x64.ActiveCfg = RelWithDebInfo|x64
		{99974BB7-7411-3271-80FE-7FEF800069FA}.RelWithDebInfo|x64.Build.0 = RelWithDebInfo|x64
	EndGlobalSection
	GlobalSection(ExtensibilityGlobals) = postSolution
		SolutionGuid = {9A2B0B98-4A79-3737-BC54-9A1BD871D481}
	EndGlobalSection
	GlobalSection(ExtensibilityAddIns) = postSolution
	EndGlobalSection
EndGlobal
