<?xml version="1.0" encoding="utf-8"?>
<Project ToolsVersion="17.0" xmlns="http://schemas.microsoft.com/developer/msbuild/2003">
  <ItemGroup>
    <CustomBuild Include="Q:\source\AppModBenchMark\ResolveSomeErrors\build-v142-cpp17\CMakeFiles\9b0bb9133ff779f7fb6756491ad8fea1\generate.stamp.rule">
      <Filter>CMake Rules</Filter>
    </CustomBuild>
  </ItemGroup>
  <ItemGroup>
    <Filter Include="CMake Rules">
      <UniqueIdentifier>{501760F7-E683-3EA2-AB13-9EF4BE1759F4}</UniqueIdentifier>
    </Filter>
  </ItemGroup>
</Project>
