
Microsoft Visual Studio Solution File, Format Version 12.00
# Visual Studio Version 17
Project("{8BC9CEB8-8B4A-11D0-8D11-00A0C91BC942}") = "ALL_BUILD", "ALL_BUILD.vcxproj", "{379DF028-3AEA-380A-A82B-C4BD834EA978}"
	ProjectSection(ProjectDependencies) = postProject
		{4676F05C-B8D5-3F8B-AC10-A1ED39D3E13E} = {4676F05C-B8D5-3F8B-AC10-A1ED39D3E13E}
		{92F294ED-724E-3BCB-832B-D4E57B117615} = {92F294ED-724E-3BCB-832B-D4E57B117615}
	EndProjectSection
EndProject
Project("{8BC9CEB8-8B4A-11D0-8D11-00A0C91BC942}") = "TriggerModernErrors", "TriggerModernErrors.vcxproj", "{4676F05C-B8D5-3F8B-AC10-A1ED39D3E13E}"
	ProjectSection(ProjectDependencies) = postProject
		{92F294ED-724E-3BCB-832B-D4E57B117615} = {92F294ED-724E-3BCB-832B-D4E57B117615}
	EndProjectSection
EndProject
Project("{8BC9CEB8-8B4A-11D0-8D11-00A0C91BC942}") = "ZERO_CHECK", "ZERO_CHECK.vcxproj", "{92F294ED-724E-3BCB-832B-D4E57B117615}"
	ProjectSection(ProjectDependencies) = postProject
	EndProjectSection
EndProject
Global
	GlobalSection(SolutionConfigurationPlatforms) = preSolution
		Debug|x64 = Debug|x64
		Release|x64 = Release|x64
		MinSizeRel|x64 = MinSizeRel|x64
		RelWithDebInfo|x64 = RelWithDebInfo|x64
	EndGlobalSection
	GlobalSection(ProjectConfigurationPlatforms) = postSolution
		{379DF028-3AEA-380A-A82B-C4BD834EA978}.Debug|x64.ActiveCfg = Debug|x64
		{379DF028-3AEA-380A-A82B-C4BD834EA978}.Release|x64.ActiveCfg = Release|x64
		{379DF028-3AEA-380A-A82B-C4BD834EA978}.MinSizeRel|x64.ActiveCfg = MinSizeRel|x64
		{379DF028-3AEA-380A-A82B-C4BD834EA978}.RelWithDebInfo|x64.ActiveCfg = RelWithDebInfo|x64
		{4676F05C-B8D5-3F8B-AC10-A1ED39D3E13E}.Debug|x64.ActiveCfg = Debug|x64
		{4676F05C-B8D5-3F8B-AC10-A1ED39D3E13E}.Debug|x64.Build.0 = Debug|x64
		{4676F05C-B8D5-3F8B-AC10-A1ED39D3E13E}.Release|x64.ActiveCfg = Release|x64
		{4676F05C-B8D5-3F8B-AC10-A1ED39D3E13E}.Release|x64.Build.0 = Release|x64
		{4676F05C-B8D5-3F8B-AC10-A1ED39D3E13E}.MinSizeRel|x64.ActiveCfg = MinSizeRel|x64
		{4676F05C-B8D5-3F8B-AC10-A1ED39D3E13E}.MinSizeRel|x64.Build.0 = MinSizeRel|x64
		{4676F05C-B8D5-3F8B-AC10-A1ED39D3E13E}.RelWithDebInfo|x64.ActiveCfg = RelWithDebInfo|x64
		{4676F05C-B8D5-3F8B-AC10-A1ED39D3E13E}.RelWithDebInfo|x64.Build.0 = RelWithDebInfo|x64
		{92F294ED-724E-3BCB-832B-D4E57B117615}.Debug|x64.ActiveCfg = Debug|x64
		{92F294ED-724E-3BCB-832B-D4E57B117615}.Debug|x64.Build.0 = Debug|x64
		{92F294ED-724E-3BCB-832B-D4E57B117615}.Release|x64.ActiveCfg = Release|x64
		{92F294ED-724E-3BCB-832B-D4E57B117615}.Release|x64.Build.0 = Release|x64
		{92F294ED-724E-3BCB-832B-D4E57B117615}.MinSizeRel|x64.ActiveCfg = MinSizeRel|x64
		{92F294ED-724E-3BCB-832B-D4E57B117615}.MinSizeRel|x64.Build.0 = MinSizeRel|x64
		{92F294ED-724E-3BCB-832B-D4E57B117615}.RelWithDebInfo|x64.ActiveCfg = RelWithDebInfo|x64
		{92F294ED-724E-3BCB-832B-D4E57B117615}.RelWithDebInfo|x64.Build.0 = RelWithDebInfo|x64
	EndGlobalSection
	GlobalSection(ExtensibilityGlobals) = postSolution
		SolutionGuid = {B6C42F12-4E67-3D01-8D8A-14B17ACD5784}
	EndGlobalSection
	GlobalSection(ExtensibilityAddIns) = postSolution
	EndGlobalSection
EndGlobal
