<?xml version="1.0" encoding="utf-8"?>
<Project ToolsVersion="17.0" xmlns="http://schemas.microsoft.com/developer/msbuild/2003">
  <ItemGroup>
    <ClCompile Include="Q:\source\AppModBenchMark\ResolveSomeErrors\ResolveSomeErrors\ResolveSomeErrors.cpp">
      <Filter>Source Files</Filter>
    </ClCompile>
  </ItemGroup>
  <ItemGroup>
    <ClInclude Include="Q:\source\AppModBenchMark\ResolveSomeErrors\ResolveSomeErrors\ResolveSomeErrors.h">
      <Filter>Header Files</Filter>
    </ClInclude>
  </ItemGroup>
  <ItemGroup>
    <CustomBuild Include="Q:\source\AppModBenchMark\ResolveSomeErrors\ResolveSomeErrors\CMakeLists.txt" />
  </ItemGroup>
  <ItemGroup>
    <Filter Include="Header Files">
      <UniqueIdentifier>{73074E1F-F089-3BED-BC3F-D23CA0ED3BBE}</UniqueIdentifier>
    </Filter>
    <Filter Include="Source Files">
      <UniqueIdentifier>{63E2A34F-DEF2-341F-ADCB-ECAD0C7A0AD1}</UniqueIdentifier>
    </Filter>
  </ItemGroup>
</Project>
